// !$*UTF8*$!
{
	archiveVersion = 1;
	classes = {
	};
	objectVersion = 46;
	objects = {

/* Begin PBXBuildFile section */
		6F08DE941F4BC3D300567441 /* AppDelegate.swift in Sources */ = {isa = PBXBuildFile; fileRef = 6F08DE931F4BC3D300567441 /* AppDelegate.swift */; };
		6F08DE961F4BC3D300567441 /* ViewController.swift in Sources */ = {isa = PBXBuildFile; fileRef = 6F08DE951F4BC3D300567441 /* ViewController.swift */; };
		6F08DE991F4BC3D300567441 /* Main.storyboard in Resources */ = {isa = PBXBuildFile; fileRef = 6F08DE971F4BC3D300567441 /* Main.storyboard */; };
		6F08DE9B1F4BC3D300567441 /* Assets.xcassets in Resources */ = {isa = PBXBuildFile; fileRef = 6F08DE9A1F4BC3D300567441 /* Assets.xcassets */; };
		6F08DE9E1F4BC3D300567441 /* LaunchScreen.storyboard in Resources */ = {isa = PBXBuildFile; fileRef = 6F08DE9C1F4BC3D300567441 /* LaunchScreen.storyboard */; };
/* End PBXBuildFile section */

/* Begin PBXFileReference section */
		6F08DE901F4BC3D300567441 /* MiNiYou.app */ = {isa = PBXFileReference; explicitFileType = wrapper.application; includeInIndex = 0; path = MiNiYou.app; sourceTree = BUILT_PRODUCTS_DIR; };
		6F08DE931F4BC3D300567441 /* AppDelegate.swift */ = {isa = PBXFileReference; lastKnownFileType = sourcecode.swift; path = AppDelegate.swift; sourceTree = "<group>"; };
		6F08DE951F4BC3D300567441 /* ViewController.swift */ = {isa = PBXFileReference; lastKnownFileType = sourcecode.swift; path = ViewController.swift; sourceTree = "<group>"; };
		6F08DE981F4BC3D300567441 /* Base */ = {isa = PBXFileReference; lastKnownFileType = file.storyboard; name = Base; path = Base.lproj/Main.storyboard; sourceTree = "<group>"; };
		6F08DE9A1F4BC3D300567441 /* Assets.xcassets */ = {isa = PBXFileReference; lastKnownFileType = folder.assetcatalog; path = Assets.xcassets; sourceTree = "<group>"; };
		6F08DE9D1F4BC3D300567441 /* Base */ = {isa = PBXFileReference; lastKnownFileType = file.storyboard; name = Base; path = Base.lproj/LaunchScreen.storyboard; sourceTree = "<group>"; };
		6F08DE9F1F4BC3D300567441 /* Info.plist */ = {isa = PBXFileReference; lastKnownFileType = text.plist.xml; path = Info.plist; sourceTree = "<group>"; };
/* End PBXFileReference section */

/* Begin PBXFrameworksBuildPhase section */
		6F08DE8D1F4BC3D300567441 /* Frameworks */ = {
			isa = PBXFrameworksBuildPhase;
			buildActionMask = 2147483647;
			files = (
			);
			runOnlyForDeploymentPostprocessing = 0;
		};
/* End PBXFrameworksBuildPhase section */

/* Begin PBXGroup section */
		6F08DE871F4BC3D300567441 = {
			isa = PBXGroup;
			children = (
				6F08DE921F4BC3D300567441 /* MiNiYou */,
				6F08DE911F4BC3D300567441 /* Products */,
			);
			sourceTree = "<group>";
		};
		6F08DE911F4BC3D300567441 /* Products */ = {
			isa = PBXGroup;
			children = (
				6F08DE901F4BC3D300567441 /* MiNiYou.app */,
			);
			name = Products;
			sourceTree = "<group>";
		};
		6F08DE921F4BC3D300567441 /* MiNiYou */ = {
			isa = PBXGroup;
			children = (
				6F08DE931F4BC3D300567441 /* AppDelegate.swift */,
				6F08DE951F4BC3D300567441 /* ViewController.swift */,
				6F08DE971F4BC3D300567441 /* Main.storyboard */,
				6F08DE9A1F4BC3D300567441 /* Assets.xcassets */,
				6F08DE9C1F4BC3D300567441 /* LaunchScreen.storyboard */,
				6F08DE9F1F4BC3D300567441 /* Info.plist */,
			);
			path = MiNiYou;
			sourceTree = "<group>";
		};
/* End PBXGroup section */

/* Begin PBXNativeTarget section */
		6F08DE8F1F4BC3D300567441 /* MiNiYou */ = {
			isa = PBXNativeTarget;
			buildConfigurationList = 6F08DEA21F4BC3D300567441 /* Build configuration list for PBXNativeTarget "MiNiYou" */;
			buildPhases = (
				6F08DE8C1F4BC3D300567441 /* Sources */,
				6F08DE8D1F4BC3D300567441 /* Frameworks */,
				6F08DE8E1F4BC3D300567441 /* Resources */,
			);
			buildRules = (
			);
			dependencies = (
			);
			name = MiNiYou;
			productName = MiNiYou;
			productReference = 6F08DE901F4BC3D300567441 /* MiNiYou.app */;
			productType = "com.apple.product-type.application";
		};
/* End PBXNativeTarget section */

/* Begin PBXProject section */
		6F08DE881F4BC3D300567441 /* Project object */ = {
			isa = PBXProject;
			attributes = {
				LastSwiftUpdateCheck = 0830;
				LastUpgradeCheck = 0830;
				ORGANIZATIONNAME = "广州方鼎软件科技发展有限公司";
				TargetAttributes = {
					6F08DE8F1F4BC3D300567441 = {
						CreatedOnToolsVersion = 8.3.1;
						DevelopmentTeam = LD57J9BHN6;
						ProvisioningStyle = Automatic;
					};
				};
			};
			buildConfigurationList = 6F08DE8B1F4BC3D300567441 /* Build configuration list for PBXProject "MiNiYou" */;
			compatibilityVersion = "Xcode 3.2";
			developmentRegion = English;
			hasScannedForEncodings = 0;
			knownRegions = (
				en,
				Base,
			);
			mainGroup = 6F08DE871F4BC3D300567441;
			productRefGroup = 6F08DE911F4BC3D300567441 /* Products */;
			projectDirPath = "";
			projectRoot = "";
			targets = (
				6F08DE8F1F4BC3D300567441 /* MiNiYou */,
			);
		};
/* End PBXProject section */

/* Begin PBXResourcesBuildPhase section */
		6F08DE8E1F4BC3D300567441 /* Resources */ = {
			isa = PBXResourcesBuildPhase;
			buildActionMask = 2147483647;
			files = (
				6F08DE9E1F4BC3D300567441 /* LaunchScreen.storyboard in Resources */,
				6F08DE9B1F4BC3D300567441 /* Assets.xcassets in Resources */,
				6F08DE991F4BC3D300567441 /* Main.storyboard in Resources */,
			);
			runOnlyForDeploymentPostprocessing = 0;
		};
/* End PBXResourcesBuildPhase section */

/* Begin PBXSourcesBuildPhase section */
		6F08DE8C1F4BC3D300567441 /* Sources */ = {
			isa = PBXSourcesBuildPhase;
			buildActionMask = 2147483647;
			files = (
				6F08DE961F4BC3D300567441 /* ViewController.swift in Sources */,
				6F08DE941F4BC3D300567441 /* AppDelegate.swift in Sources */,
			);
			runOnlyForDeploymentPostprocessing = 0;
		};
/* End PBXSourcesBuildPhase section */

/* Begin PBXVariantGroup section */
		6F08DE971F4BC3D300567441 /* Main.storyboard */ = {
			isa = PBXVariantGroup;
			children = (
				6F08DE981F4BC3D300567441 /* Base */,
			);
			name = Main.storyboard;
			sourceTree = "<group>";
		};
		6F08DE9C1F4BC3D300567441 /* LaunchScreen.storyboard */ = {
			isa = PBXVariantGroup;
			children = (
				6F08DE9D1F4BC3D300567441 /* Base */,
			);
			name = LaunchScreen.storyboard;
			sourceTree = "<group>";
		};
/* End PBXVariantGroup section */

/* Begin XCBuildConfiguration section */
		6F08DEA01F4BC3D300567441 /* Debug */ = {
			isa = XCBuildConfiguration;
			buildSettings = {
				ALWAYS_SEARCH_USER_PATHS = NO;
				CLANG_ANALYZER_NONNULL = YES;
				CLANG_ANALYZER_NUMBER_OBJECT_CONVERSION = YES_AGGRESSIVE;
				CLANG_CXX_LANGUAGE_STANDARD = "gnu++0x";
				CLANG_CXX_LIBRARY = "libc++";
				CLANG_ENABLE_MODULES = YES;
				CLANG_ENABLE_OBJC_ARC = YES;
				CLANG_WARN_BOOL_CONVERSION = YES;
				CLANG_WARN_CONSTANT_CONVERSION = YES;
				CLANG_WARN_DIRECT_OBJC_ISA_USAGE = YES_ERROR;
				CLANG_WARN_DOCUMENTATION_COMMENTS = YES;
				CLANG_WARN_EMPTY_BODY = YES;
				CLANG_WARN_ENUM_CONVERSION = YES;
				CLANG_WARN_INFINITE_RECURSION = YES;
				CLANG_WARN_INT_CONVERSION = YES;
				CLANG_WARN_OBJC_ROOT_CLASS = YES_ERROR;
				CLANG_WARN_SUSPICIOUS_MOVE = YES;
				CLANG_WARN_UNREACHABLE_CODE = YES;
				CLANG_WARN__DUPLICATE_METHOD_MATCH = YES;
				"CODE_SIGN_IDENTITY[sdk=iphoneos*]" = "iPhone Developer";
				COPY_PHASE_STRIP = NO;
				DEBUG_INFORMATION_FORMAT = dwarf;
				ENABLE_STRICT_OBJC_MSGSEND = YES;
				ENABLE_TESTABILITY = YES;
				GCC_C_LANGUAGE_STANDARD = gnu99;
				GCC_DYNAMIC_NO_PIC = NO;
				GCC_NO_COMMON_BLOCKS = YES;
				GCC_OPTIMIZATION_LEVEL = 0;
				GCC_PREPROCESSOR_DEFINITIONS = (
					"DEBUG=1",
					"$(inherited)",
				);
				GCC_WARN_64_TO_32_BIT_CONVERSION = YES;
				GCC_WARN_ABOUT_RETURN_TYPE = YES_ERROR;
				GCC_WARN_UNDECLARED_SELECTOR = YES;
				GCC_WARN_UNINITIALIZED_AUTOS = YES_AGGRESSIVE;
				GCC_WARN_UNUSED_FUNCTION = YES;
				GCC_WARN_UNUSED_VARIABLE = YES;
				IPHONEOS_DEPLOYMENT_TARGET = 10.3;
				MTL_ENABLE_DEBUG_INFO = YES;
				ONLY_ACTIVE_ARCH = YES;
				SDKROOT = iphoneos;
				SWIFT_ACTIVE_COMPILATION_CONDITIONS = DEBUG;
				SWIFT_OPTIMIZATION_LEVEL = "-Onone";
			};
			name = Debug;
		};
		6F08DEA11F4BC3D300567441 /* Release */ = {
			isa = XCBuildConfiguration;
			buildSettings = {
				ALWAYS_SEARCH_USER_PATHS = NO;
				CLANG_ANALYZER_NONNULL = YES;
				CLANG_ANALYZER_NUMBER_OBJECT_CONVERSION = YES_AGGRESSIVE;
				CLANG_CXX_LANGUAGE_STANDARD = "gnu++0x";
				CLANG_CXX_LIBRARY = "libc++";
				CLANG_ENABLE_MODULES = YES;
				CLANG_ENABLE_OBJC_ARC = YES;
				CLANG_WARN_BOOL_CONVERSION = YES;
				CLANG_WARN_CONSTANT_CONVERSION = YES;
				CLANG_WARN_DIRECT_OBJC_ISA_USAGE = YES_ERROR;
				CLANG_WARN_DOCUMENTATION_COMMENTS = YES;
				CLANG_WARN_EMPTY_BODY = YES;
				CLANG_WARN_ENUM_CONVERSION = YES;
				CLANG_WARN_INFINITE_RECURSION = YES;
				CLANG_WARN_INT_CONVERSION = YES;
				CLANG_WARN_OBJC_ROOT_CLASS = YES_ERROR;
				CLANG_WARN_SUSPICIOUS_MOVE = YES;
				CLANG_WARN_UNREACHABLE_CODE = YES;
				CLANG_WARN__DUPLICATE_METHOD_MATCH = YES;
				"CODE_SIGN_IDENTITY[sdk=iphoneos*]" = "iPhone Developer";
				COPY_PHASE_STRIP = NO;
				DEBUG_INFORMATION_FORMAT = "dwarf-with-dsym";
				ENABLE_NS_ASSERTIONS = NO;
				ENABLE_STRICT_OBJC_MSGSEND = YES;
				GCC_C_LANGUAGE_STANDARD = gnu99;
				GCC_NO_COMMON_BLOCKS = YES;
				GCC_WARN_64_TO_32_BIT_CONVERSION = YES;
				GCC_WARN_ABOUT_RETURN_TYPE = YES_ERROR;
				GCC_WARN_UNDECLARED_SELECTOR = YES;
				GCC_WARN_UNINITIALIZED_AUTOS = YES_AGGRESSIVE;
				GCC_WARN_UNUSED_FUNCTION = YES;
				GCC_WARN_UNUSED_VARIABLE = YES;
				IPHONEOS_DEPLOYMENT_TARGET = 10.3;
				MTL_ENABLE_DEBUG_INFO = NO;
				SDKROOT = iphoneos;
				SWIFT_OPTIMIZATION_LEVEL = "-Owholemodule";
				VALIDATE_PRODUCT = YES;
			};
			name = Release;
		};
		6F08DEA31F4BC3D300567441 /* Debug */ = {
			isa = XCBuildConfiguration;
			buildSettings = {
				ASSETCATALOG_COMPILER_APPICON_NAME = AppIcon;
				DEVELOPMENT_TEAM = LD57J9BHN6;
				INFOPLIST_FILE = MiNiYou/Info.plist;
				LD_RUNPATH_SEARCH_PATHS = "$(inherited) @executable_path/Frameworks";
				PRODUCT_BUNDLE_IDENTIFIER = com.MiNiYou;
				PRODUCT_NAME = "$(TARGET_NAME)";
				SWIFT_VERSION = 3.0;
			};
			name = Debug;
		};
		6F08DEA41F4BC3D300567441 /* Release */ = {
			isa = XCBuildConfiguration;
			buildSettings = {
				ASSETCATALOG_COMPILER_APPICON_NAME = AppIcon;
				DEVELOPMENT_TEAM = LD57J9BHN6;
				INFOPLIST_FILE = MiNiYou/Info.plist;
				LD_RUNPATH_SEARCH_PATHS = "$(inherited) @executable_path/Frameworks";
				PRODUCT_BUNDLE_IDENTIFIER = com.MiNiYou;
				PRODUCT_NAME = "$(TARGET_NAME)";
				SWIFT_VERSION = 3.0;
			};
			name = Release;
		};
/* End XCBuildConfiguration section */

/* Begin XCConfigurationList section */
		6F08DE8B1F4BC3D300567441 /* Build configuration list for PBXProject "MiNiYou" */ = {
			isa = XCConfigurationList;
			buildConfigurations = (
				6F08DEA01F4BC3D300567441 /* Debug */,
				6F08DEA11F4BC3D300567441 /* Release */,
			);
			defaultConfigurationIsVisible = 0;
			defaultConfigurationName = Release;
		};
		6F08DEA21F4BC3D300567441 /* Build configuration list for PBXNativeTarget "MiNiYou" */ = {
			isa = XCConfigurationList;
			buildConfigurations = (
				6F08DEA31F4BC3D300567441 /* Debug */,
				6F08DEA41F4BC3D300567441 /* Release */,
			);
			defaultConfigurationIsVisible = 0;
		};
/* End XCConfigurationList section */
	};
	rootObject = 6F08DE881F4BC3D300567441 /* Project object */;
}
